// !$*UTF8*$!
{
	archiveVersion = 1;
	classes = {
	};
	objectVersion = 46;
	objects = {
/* Begin PBXBuildFile section */
		0207DA581B56EA530066E2B4 /* Images.xcassets in Resources */ = {isa = PBXBuildFile; fileRef = 0207DA571B56EA530066E2B4 /* Images.xcassets */; };
		1D3623260D0F684500981E51 /* AppDelegate.m in Sources */ = {isa = PBXBuildFile; fileRef = 1D3623250D0F684500981E51 /* AppDelegate.m */; };
		1D60589B0D05DD56006BFB54 /* main.m in Sources */ = {isa = PBXBuildFile; fileRef = 29B97316FDCFA39411CA2CEA /* main.m */; };
		301BF552109A68D80062928A /* libCordova.a in Frameworks */ = {isa = PBXBuildFile; fileRef = 301BF535109A57CC0062928A /* libCordova.a */; };
		302D95F114D2391D003F00A1 /* MainViewController.m in Sources */ = {isa = PBXBuildFile; fileRef = 302D95EF14D2391D003F00A1 /* MainViewController.m */; };
		302D95F214D2391D003F00A1 /* MainViewController.xib in Resources */ = {isa = PBXBuildFile; fileRef = 302D95F014D2391D003F00A1 /* MainViewController.xib */; };
		3047A5121AB8059700498E2A /* build-debug.xcconfig in Resources */ = {isa = PBXBuildFile; fileRef = 3047A50F1AB8059700498E2A /* build-debug.xcconfig */; };
		3047A5131AB8059700498E2A /* build-release.xcconfig in Resources */ = {isa = PBXBuildFile; fileRef = 3047A5101AB8059700498E2A /* build-release.xcconfig */; };
		3047A5141AB8059700498E2A /* build.xcconfig in Resources */ = {isa = PBXBuildFile; fileRef = 3047A5111AB8059700498E2A /* build.xcconfig */; };
		CE5B70F051984855B630BAEE /* CDVDevice.m in Sources */ = {isa = PBXBuildFile; fileRef = B6FB0502F62446F888A90C54 /* CDVDevice.m */; };
		7529CAEE67444C8B9235BA1D /* CDVFile.m in Sources */ = {isa = PBXBuildFile; fileRef = B1A444E386FF44D29BD46314 /* CDVFile.m */; };
		D699E0F4180C49A68E186787 /* CDVLocalFilesystem.m in Sources */ = {isa = PBXBuildFile; fileRef = 4DAD23C8B2384240A88B5F61 /* CDVLocalFilesystem.m */; };
		4941318408F04381B8052233 /* CDVAssetLibraryFilesystem.m in Sources */ = {isa = PBXBuildFile; fileRef = EA6B0B79E4564DB9AA53086C /* CDVAssetLibraryFilesystem.m */; };
		31618278F55643A08BFA20D8 /* CDVInAppBrowser.m in Sources */ = {isa = PBXBuildFile; fileRef = 3C49BD909FDF4B2FA8C4FB97 /* CDVInAppBrowser.m */; };
		5BB7D3D53CF14CD5B9860AB5 /* UIImage+CropScaleOrientation.m in Sources */ = {isa = PBXBuildFile; fileRef = DE8C164D01F64054A533722C /* UIImage+CropScaleOrientation.m */; };
		A9D7151A38354DC08E0348F7 /* CDVCamera.m in Sources */ = {isa = PBXBuildFile; fileRef = C8071FF40FF54966BFB5EA4C /* CDVCamera.m */; };
		F8F7757C7FD947E68C4B8D13 /* CDVJpegHeaderWriter.m in Sources */ = {isa = PBXBuildFile; fileRef = E21299EC6B8946C59E7E70BC /* CDVJpegHeaderWriter.m */; };
		DDDF121309E24D0392FC5096 /* ImageIO.framework in Frameworks */ = {isa = PBXBuildFile; fileRef = 3571EFFE2A0A4B1BA7DB0D7A /* ImageIO.framework */; settings = {ATTRIBUTES = (Weak, ); }; };
		6D6C4BF4E0C74E61B56A0547 /* CoreLocation.framework in Frameworks */ = {isa = PBXBuildFile; fileRef = 60890B8E3A8A474F915C90D8 /* CoreLocation.framework */; };
		603D3B9DE1F943CDA2B907AC /* AVFoundation.framework in Frameworks */ = {isa = PBXBuildFile; fileRef = 1F4D8FEBED9D499AA9129999 /* AVFoundation.framework */; };
		3CAF7A21602B42B18C32859A /* CDVBattery.m in Sources */ = {isa = PBXBuildFile; fileRef = 43BA3ABDC08147D3927940DB /* CDVBattery.m */; };
		AE6B03D6DBCD4EFD8EAB2B83 /* CDVCapture.m in Sources */ = {isa = PBXBuildFile; fileRef = 661F13BB78B14AFCA742D5EF /* CDVCapture.m */; };
		AA87D56B4B1C465598A19461 /* CDVCapture.bundle in Resources */ = {isa = PBXBuildFile; fileRef = 3A5417835CEA4829B179062E /* CDVCapture.bundle */; };
		24A3F749703A41F580CD587C /* CDVLogger.m in Sources */ = {isa = PBXBuildFile; fileRef = A6DED55224A4434F8E94C708 /* CDVLogger.m */; };
		591FE98442FF42E59159E601 /* CDVContacts.m in Sources */ = {isa = PBXBuildFile; fileRef = 8A772A3C88C14A7BA680E659 /* CDVContacts.m */; };
		0B99C4C3F5BA4A4381B50733 /* CDVContact.m in Sources */ = {isa = PBXBuildFile; fileRef = 8BD60236EBA5414884861B93 /* CDVContact.m */; };
		9B23FF7E6E87499E8B5330FC /* AddressBook.framework in Frameworks */ = {isa = PBXBuildFile; fileRef = 336EB35ECAD5453481FDCB46 /* AddressBook.framework */; settings = {ATTRIBUTES = (Weak, ); }; };
		4B33C3E6205E49A68788FA9D /* AddressBookUI.framework in Frameworks */ = {isa = PBXBuildFile; fileRef = ED499B3EA9B84AABA507708D /* AddressBookUI.framework */; settings = {ATTRIBUTES = (Weak, ); }; };
		DD7A86DBBA284169818B51C7 /* CDVNotification.m in Sources */ = {isa = PBXBuildFile; fileRef = 3652F42986C648AC911A1B66 /* CDVNotification.m */; };
		A650C35D805E4462A43FC988 /* CDVNotification.bundle in Resources */ = {isa = PBXBuildFile; fileRef = 9CB180A25A5F4542A9F0AF56 /* CDVNotification.bundle */; };
		8CB151BB09CE4002ABF05205 /* AudioToolbox.framework in Frameworks */ = {isa = PBXBuildFile; fileRef = 4B2BE504D633459C8384D66E /* AudioToolbox.framework */; settings = {ATTRIBUTES = (Weak, ); }; };
		84250DE47DF447ED83AB76EE /* CDVLocation.m in Sources */ = {isa = PBXBuildFile; fileRef = E84500801E154F5A95E06C60 /* CDVLocation.m */; };
		0D1A16804E4C419F8D766AAB /* CDVAccelerometer.m in Sources */ = {isa = PBXBuildFile; fileRef = 44FF6F6EAA2B41688BB1BD50 /* CDVAccelerometer.m */; };
		6D7C2D1CC9A34DB48133131F /* CoreMotion.framework in Frameworks */ = {isa = PBXBuildFile; fileRef = 6A45917480514AEBB36A7D6F /* CoreMotion.framework */; };
		C5A0981E8D7C43FCA0235420 /* CDVCompass.m in Sources */ = {isa = PBXBuildFile; fileRef = A3540081B43343A1A9652E8A /* CDVCompass.m */; };
		4A461347E84F427CBC2AADA1 /* CDVSound.m in Sources */ = {isa = PBXBuildFile; fileRef = DB062C4E98C54B368AD19C9D /* CDVSound.m */; };
		BCDC9FA53C8B4D69A89C89D5 /* CDVVibration.m in Sources */ = {isa = PBXBuildFile; fileRef = 86F0C6C395C842119CCD7FA4 /* CDVVibration.m */; };
		C03FC3C12E5243E4B8646E5F /* CDVStatusBar.m in Sources */ = {isa = PBXBuildFile; fileRef = 4859BCCAD894427080D09107 /* CDVStatusBar.m */; };
		A1E4BCFB82D746A6A080C901 /* CDVFileTransfer.m in Sources */ = {isa = PBXBuildFile; fileRef = 7C3B9CF01D0841BFAC5AC370 /* CDVFileTransfer.m */; };
		7F0A861D06CF4C8D84796876 /* CDVGlobalization.m in Sources */ = {isa = PBXBuildFile; fileRef = F6E94EE3F5B54972924F3A31 /* CDVGlobalization.m */; };
		76313555C2DE491CAE3ABB8E /* CDVConnection.m in Sources */ = {isa = PBXBuildFile; fileRef = 5ACE072D236645B5A587919D /* CDVConnection.m */; };
		D59DC99771C641DA9CB5A110 /* CDVReachability.m in Sources */ = {isa = PBXBuildFile; fileRef = B4C4788B6DE94F7C86A1F198 /* CDVReachability.m */; };
		899CCD0700154427847C9103 /* SystemConfiguration.framework in Frameworks */ = {isa = PBXBuildFile; fileRef = 253651658DB740DDAF31B572 /* SystemConfiguration.framework */; settings = {ATTRIBUTES = (Weak, ); }; };
		9B5F8838C6314807880B21CC /* CoreTelephony.framework in Frameworks */ = {isa = PBXBuildFile; fileRef = E9054D793B594ED1A21E261E /* CoreTelephony.framework */; };
		FF1C9A766E0046CA8E745A86 /* CDVSplashScreen.m in Sources */ = {isa = PBXBuildFile; fileRef = 49BDB5A67E7D4747BC2616AB /* CDVSplashScreen.m */; };
		72DFA1BFFA014737BB8FACEC /* CDVViewController+SplashScreen.m in Sources */ = {isa = PBXBuildFile; fileRef = C3A351D0D4354453A0EFF456 /* CDVViewController+SplashScreen.m */; };
/* End PBXBuildFile section */

/* Begin PBXContainerItemProxy section */
		301BF534109A57CC0062928A /* PBXContainerItemProxy */ = {
			isa = PBXContainerItemProxy;
			containerPortal = 301BF52D109A57CC0062928A /* CordovaLib.xcodeproj */;
			proxyType = 2;
			remoteGlobalIDString = D2AAC07E0554694100DB518D;
			remoteInfo = CordovaLib;
		};
		301BF550109A68C00062928A /* PBXContainerItemProxy */ = {
			isa = PBXContainerItemProxy;
			containerPortal = 301BF52D109A57CC0062928A /* CordovaLib.xcodeproj */;
			proxyType = 1;
			remoteGlobalIDString = D2AAC07D0554694100DB518D;
			remoteInfo = CordovaLib;
		};
/* End PBXContainerItemProxy section */

/* Begin PBXFileReference section */
		0207DA571B56EA530066E2B4 /* Images.xcassets */ = {isa = PBXFileReference; lastKnownFileType = folder.assetcatalog; name = Images.xcassets; path = "Icebreakers/Images.xcassets"; sourceTree = SOURCE_ROOT; };
		1D3623240D0F684500981E51 /* AppDelegate.h */ = {isa = PBXFileReference; fileEncoding = 4; lastKnownFileType = sourcecode.c.h; path = AppDelegate.h; sourceTree = "<group>"; };
		1D3623250D0F684500981E51 /* AppDelegate.m */ = {isa = PBXFileReference; fileEncoding = 4; lastKnownFileType = sourcecode.c.objc; path = AppDelegate.m; sourceTree = "<group>"; };
		1D6058910D05DD3D006BFB54 /* Icebreakers.app */ = {isa = PBXFileReference; explicitFileType = wrapper.application; includeInIndex = 0; path = "Icebreakers.app"; sourceTree = BUILT_PRODUCTS_DIR; };
		29B97316FDCFA39411CA2CEA /* main.m */ = {isa = PBXFileReference; fileEncoding = 4; lastKnownFileType = sourcecode.c.objc; path = main.m; sourceTree = "<group>"; };
		301BF52D109A57CC0062928A /* CordovaLib.xcodeproj */ = {isa = PBXFileReference; lastKnownFileType = "wrapper.pb-project"; name = CordovaLib.xcodeproj; path = CordovaLib/CordovaLib.xcodeproj; sourceTree = "<group>"; };
		301BF56E109A69640062928A /* www */ = {isa = PBXFileReference; lastKnownFileType = folder; path = www; sourceTree = SOURCE_ROOT; };
		302D95EE14D2391D003F00A1 /* MainViewController.h */ = {isa = PBXFileReference; fileEncoding = 4; lastKnownFileType = sourcecode.c.h; path = MainViewController.h; sourceTree = "<group>"; };
		302D95EF14D2391D003F00A1 /* MainViewController.m */ = {isa = PBXFileReference; fileEncoding = 4; lastKnownFileType = sourcecode.c.objc; path = MainViewController.m; sourceTree = "<group>"; };
		302D95F014D2391D003F00A1 /* MainViewController.xib */ = {isa = PBXFileReference; fileEncoding = 4; lastKnownFileType = file.xib; path = MainViewController.xib; sourceTree = "<group>"; };
		3047A50F1AB8059700498E2A /* build-debug.xcconfig */ = {isa = PBXFileReference; fileEncoding = 4; lastKnownFileType = text.xcconfig; name = "build-debug.xcconfig"; path = cordova/build-debug.xcconfig; sourceTree = SOURCE_ROOT; };
		3047A5101AB8059700498E2A /* build-release.xcconfig */ = {isa = PBXFileReference; fileEncoding = 4; lastKnownFileType = text.xcconfig; name = "build-release.xcconfig"; path = cordova/build-release.xcconfig; sourceTree = SOURCE_ROOT; };
		3047A5111AB8059700498E2A /* build.xcconfig */ = {isa = PBXFileReference; fileEncoding = 4; lastKnownFileType = text.xcconfig; name = build.xcconfig; path = cordova/build.xcconfig; sourceTree = SOURCE_ROOT; };
		32CA4F630368D1EE00C91783 /* Icebreakers-Prefix.pch */ = {isa = PBXFileReference; fileEncoding = 4; lastKnownFileType = sourcecode.c.h; path = "Icebreakers-Prefix.pch"; sourceTree = "<group>"; };
		8D1107310486CEB800E47090 /* Icebreakers-Info.plist */ = {isa = PBXFileReference; fileEncoding = 4; lastKnownFileType = text.plist.xml; name = "Icebreakers-Info.plist"; path = "Icebreakers/Icebreakers-Info.plist"; plistStructureDefinitionIdentifier = "com.apple.xcode.plist.structure-definition.iphone.info-plist"; sourceTree = SOURCE_ROOT; };
		EB87FDF31871DA8E0020F90C /* www */ = {isa = PBXFileReference; lastKnownFileType = folder; name = www; path = ../../www; sourceTree = "<group>"; };
		EB87FDF41871DAF40020F90C /* config.xml */ = {isa = PBXFileReference; lastKnownFileType = text.xml; name = config.xml; path = ../../config.xml; sourceTree = "<group>"; };
		F840E1F0165FE0F500CFE078 /* config.xml */ = {isa = PBXFileReference; lastKnownFileType = text.xml; name = config.xml; path = "Icebreakers/config.xml"; sourceTree = "<group>"; };
		ED33DF2A687741AEAF9F8254 /* Bridging-Header.h */ = {isa = PBXFileReference; fileEncoding = 4; lastKnownFileType = sourcecode.c.h; name = "Bridging-Header.h"; path = "Bridging-Header.h"; sourceTree = "<group>"; };
		B6FB0502F62446F888A90C54 /* CDVDevice.m */ = {isa = PBXFileReference; name = "CDVDevice.m"; path = "cordova-plugin-device/CDVDevice.m"; sourceTree = "<group>"; fileEncoding = 4; lastKnownFileType = sourcecode.c.objc; explicitFileType = undefined; includeInIndex = 0; };
		7D5C9EB715F546F7A662E0D2 /* CDVDevice.h */ = {isa = PBXFileReference; name = "CDVDevice.h"; path = "cordova-plugin-device/CDVDevice.h"; sourceTree = "<group>"; fileEncoding = 4; lastKnownFileType = sourcecode.c.h; explicitFileType = undefined; includeInIndex = 0; };
		B1A444E386FF44D29BD46314 /* CDVFile.m */ = {isa = PBXFileReference; name = "CDVFile.m"; path = "cordova-plugin-file/CDVFile.m"; sourceTree = "<group>"; fileEncoding = 4; lastKnownFileType = sourcecode.c.objc; explicitFileType = undefined; includeInIndex = 0; };
		4DAD23C8B2384240A88B5F61 /* CDVLocalFilesystem.m */ = {isa = PBXFileReference; name = "CDVLocalFilesystem.m"; path = "cordova-plugin-file/CDVLocalFilesystem.m"; sourceTree = "<group>"; fileEncoding = 4; lastKnownFileType = sourcecode.c.objc; explicitFileType = undefined; includeInIndex = 0; };
		EA6B0B79E4564DB9AA53086C /* CDVAssetLibraryFilesystem.m */ = {isa = PBXFileReference; name = "CDVAssetLibraryFilesystem.m"; path = "cordova-plugin-file/CDVAssetLibraryFilesystem.m"; sourceTree = "<group>"; fileEncoding = 4; lastKnownFileType = sourcecode.c.objc; explicitFileType = undefined; includeInIndex = 0; };
		40CFA36B502F42CBB2254ED1 /* CDVFile.h */ = {isa = PBXFileReference; name = "CDVFile.h"; path = "cordova-plugin-file/CDVFile.h"; sourceTree = "<group>"; fileEncoding = 4; lastKnownFileType = sourcecode.c.h; explicitFileType = undefined; includeInIndex = 0; };
		A7B9A1682AEC4A438E006939 /* CDVLocalFilesystem.h */ = {isa = PBXFileReference; name = "CDVLocalFilesystem.h"; path = "cordova-plugin-file/CDVLocalFilesystem.h"; sourceTree = "<group>"; fileEncoding = 4; lastKnownFileType = sourcecode.c.h; explicitFileType = undefined; includeInIndex = 0; };
		17E867DFD62A4C43AC8F6427 /* CDVAssetLibraryFilesystem.h */ = {isa = PBXFileReference; name = "CDVAssetLibraryFilesystem.h"; path = "cordova-plugin-file/CDVAssetLibraryFilesystem.h"; sourceTree = "<group>"; fileEncoding = 4; lastKnownFileType = sourcecode.c.h; explicitFileType = undefined; includeInIndex = 0; };
		3C49BD909FDF4B2FA8C4FB97 /* CDVInAppBrowser.m */ = {isa = PBXFileReference; name = "CDVInAppBrowser.m"; path = "cordova-plugin-inappbrowser/CDVInAppBrowser.m"; sourceTree = "<group>"; fileEncoding = 4; lastKnownFileType = sourcecode.c.objc; explicitFileType = undefined; includeInIndex = 0; };
		242A45A56B2A46808F5071AA /* CDVInAppBrowser.h */ = {isa = PBXFileReference; name = "CDVInAppBrowser.h"; path = "cordova-plugin-inappbrowser/CDVInAppBrowser.h"; sourceTree = "<group>"; fileEncoding = 4; lastKnownFileType = sourcecode.c.h; explicitFileType = undefined; includeInIndex = 0; };
		DE8C164D01F64054A533722C /* UIImage+CropScaleOrientation.m */ = {isa = PBXFileReference; name = "UIImage+CropScaleOrientation.m"; path = "cordova-plugin-camera/UIImage+CropScaleOrientation.m"; sourceTree = "<group>"; fileEncoding = 4; lastKnownFileType = sourcecode.c.objc; explicitFileType = undefined; includeInIndex = 0; };
		C8071FF40FF54966BFB5EA4C /* CDVCamera.m */ = {isa = PBXFileReference; name = "CDVCamera.m"; path = "cordova-plugin-camera/CDVCamera.m"; sourceTree = "<group>"; fileEncoding = 4; lastKnownFileType = sourcecode.c.objc; explicitFileType = undefined; includeInIndex = 0; };
		E21299EC6B8946C59E7E70BC /* CDVJpegHeaderWriter.m */ = {isa = PBXFileReference; name = "CDVJpegHeaderWriter.m"; path = "cordova-plugin-camera/CDVJpegHeaderWriter.m"; sourceTree = "<group>"; fileEncoding = 4; lastKnownFileType = sourcecode.c.objc; explicitFileType = undefined; includeInIndex = 0; };
		D25B92AC98E847F2894A5B46 /* UIImage+CropScaleOrientation.h */ = {isa = PBXFileReference; name = "UIImage+CropScaleOrientation.h"; path = "cordova-plugin-camera/UIImage+CropScaleOrientation.h"; sourceTree = "<group>"; fileEncoding = 4; lastKnownFileType = sourcecode.c.h; explicitFileType = undefined; includeInIndex = 0; };
		89D11FB4E7144AF6AD5C6AD1 /* CDVCamera.h */ = {isa = PBXFileReference; name = "CDVCamera.h"; path = "cordova-plugin-camera/CDVCamera.h"; sourceTree = "<group>"; fileEncoding = 4; lastKnownFileType = sourcecode.c.h; explicitFileType = undefined; includeInIndex = 0; };
		B8F44EAAB44543BB9D8393AC /* CDVJpegHeaderWriter.h */ = {isa = PBXFileReference; name = "CDVJpegHeaderWriter.h"; path = "cordova-plugin-camera/CDVJpegHeaderWriter.h"; sourceTree = "<group>"; fileEncoding = 4; lastKnownFileType = sourcecode.c.h; explicitFileType = undefined; includeInIndex = 0; };
		12BF2BDD015E4861BF5A6E5A /* CDVExif.h */ = {isa = PBXFileReference; name = "CDVExif.h"; path = "cordova-plugin-camera/CDVExif.h"; sourceTree = "<group>"; fileEncoding = 4; lastKnownFileType = sourcecode.c.h; explicitFileType = undefined; includeInIndex = 0; };
		3571EFFE2A0A4B1BA7DB0D7A /* ImageIO.framework */ = {isa = PBXFileReference; name = "ImageIO.framework"; path = "System/Library/Frameworks/ImageIO.framework"; sourceTree = SDKROOT; fileEncoding = undefined; lastKnownFileType = wrapper.framework; explicitFileType = undefined; includeInIndex = 0; };
		60890B8E3A8A474F915C90D8 /* CoreLocation.framework */ = {isa = PBXFileReference; name = "CoreLocation.framework"; path = "System/Library/Frameworks/CoreLocation.framework"; sourceTree = SDKROOT; fileEncoding = undefined; lastKnownFileType = wrapper.framework; explicitFileType = undefined; includeInIndex = 0; };
		1F4D8FEBED9D499AA9129999 /* AVFoundation.framework */ = {isa = PBXFileReference; name = "AVFoundation.framework"; path = "System/Library/Frameworks/AVFoundation.framework"; sourceTree = SDKROOT; fileEncoding = undefined; lastKnownFileType = wrapper.framework; explicitFileType = undefined; includeInIndex = 0; };
		43BA3ABDC08147D3927940DB /* CDVBattery.m */ = {isa = PBXFileReference; name = "CDVBattery.m"; path = "cordova-plugin-battery-status/CDVBattery.m"; sourceTree = "<group>"; fileEncoding = 4; lastKnownFileType = sourcecode.c.objc; explicitFileType = undefined; includeInIndex = 0; };
		F70C64DC6B0B4141838CE9E6 /* CDVBattery.h */ = {isa = PBXFileReference; name = "CDVBattery.h"; path = "cordova-plugin-battery-status/CDVBattery.h"; sourceTree = "<group>"; fileEncoding = 4; lastKnownFileType = sourcecode.c.h; explicitFileType = undefined; includeInIndex = 0; };
		661F13BB78B14AFCA742D5EF /* CDVCapture.m */ = {isa = PBXFileReference; name = "CDVCapture.m"; path = "cordova-plugin-media-capture/CDVCapture.m"; sourceTree = "<group>"; fileEncoding = 4; lastKnownFileType = sourcecode.c.objc; explicitFileType = undefined; includeInIndex = 0; };
		53B965D895D2413EAF0B04E5 /* CDVCapture.h */ = {isa = PBXFileReference; name = "CDVCapture.h"; path = "cordova-plugin-media-capture/CDVCapture.h"; sourceTree = "<group>"; fileEncoding = 4; lastKnownFileType = sourcecode.c.h; explicitFileType = undefined; includeInIndex = 0; };
		3A5417835CEA4829B179062E /* CDVCapture.bundle */ = {isa = PBXFileReference; name = "CDVCapture.bundle"; path = "CDVCapture.bundle"; sourceTree = "<group>"; fileEncoding = undefined; lastKnownFileType = wrapper.plug-in; explicitFileType = undefined; includeInIndex = 0; };
		A6DED55224A4434F8E94C708 /* CDVLogger.m */ = {isa = PBXFileReference; name = "CDVLogger.m"; path = "cordova-plugin-console/CDVLogger.m"; sourceTree = "<group>"; fileEncoding = 4; lastKnownFileType = sourcecode.c.objc; explicitFileType = undefined; includeInIndex = 0; };
		371E5B15ADF14F0C9F292E3C /* CDVLogger.h */ = {isa = PBXFileReference; name = "CDVLogger.h"; path = "cordova-plugin-console/CDVLogger.h"; sourceTree = "<group>"; fileEncoding = 4; lastKnownFileType = sourcecode.c.h; explicitFileType = undefined; includeInIndex = 0; };
		8A772A3C88C14A7BA680E659 /* CDVContacts.m */ = {isa = PBXFileReference; name = "CDVContacts.m"; path = "cordova-plugin-contacts/CDVContacts.m"; sourceTree = "<group>"; fileEncoding = 4; lastKnownFileType = sourcecode.c.objc; explicitFileType = undefined; includeInIndex = 0; };
		8BD60236EBA5414884861B93 /* CDVContact.m */ = {isa = PBXFileReference; name = "CDVContact.m"; path = "cordova-plugin-contacts/CDVContact.m"; sourceTree = "<group>"; fileEncoding = 4; lastKnownFileType = sourcecode.c.objc; explicitFileType = undefined; includeInIndex = 0; };
		3E632F70BEAC495F884C1B13 /* CDVContacts.h */ = {isa = PBXFileReference; name = "CDVContacts.h"; path = "cordova-plugin-contacts/CDVContacts.h"; sourceTree = "<group>"; fileEncoding = 4; lastKnownFileType = sourcecode.c.h; explicitFileType = undefined; includeInIndex = 0; };
		A8BF4A66C14A4905AF355CDC /* CDVContact.h */ = {isa = PBXFileReference; name = "CDVContact.h"; path = "cordova-plugin-contacts/CDVContact.h"; sourceTree = "<group>"; fileEncoding = 4; lastKnownFileType = sourcecode.c.h; explicitFileType = undefined; includeInIndex = 0; };
		336EB35ECAD5453481FDCB46 /* AddressBook.framework */ = {isa = PBXFileReference; name = "AddressBook.framework"; path = "System/Library/Frameworks/AddressBook.framework"; sourceTree = SDKROOT; fileEncoding = undefined; lastKnownFileType = wrapper.framework; explicitFileType = undefined; includeInIndex = 0; };
		ED499B3EA9B84AABA507708D /* AddressBookUI.framework */ = {isa = PBXFileReference; name = "AddressBookUI.framework"; path = "System/Library/Frameworks/AddressBookUI.framework"; sourceTree = SDKROOT; fileEncoding = undefined; lastKnownFileType = wrapper.framework; explicitFileType = undefined; includeInIndex = 0; };
		3652F42986C648AC911A1B66 /* CDVNotification.m */ = {isa = PBXFileReference; name = "CDVNotification.m"; path = "cordova-plugin-dialogs/CDVNotification.m"; sourceTree = "<group>"; fileEncoding = 4; lastKnownFileType = sourcecode.c.objc; explicitFileType = undefined; includeInIndex = 0; };
		6D0E77450EB440D9BF7D5F73 /* CDVNotification.h */ = {isa = PBXFileReference; name = "CDVNotification.h"; path = "cordova-plugin-dialogs/CDVNotification.h"; sourceTree = "<group>"; fileEncoding = 4; lastKnownFileType = sourcecode.c.h; explicitFileType = undefined; includeInIndex = 0; };
		9CB180A25A5F4542A9F0AF56 /* CDVNotification.bundle */ = {isa = PBXFileReference; name = "CDVNotification.bundle"; path = "CDVNotification.bundle"; sourceTree = "<group>"; fileEncoding = undefined; lastKnownFileType = wrapper.plug-in; explicitFileType = undefined; includeInIndex = 0; };
		4B2BE504D633459C8384D66E /* AudioToolbox.framework */ = {isa = PBXFileReference; name = "AudioToolbox.framework"; path = "System/Library/Frameworks/AudioToolbox.framework"; sourceTree = SDKROOT; fileEncoding = undefined; lastKnownFileType = wrapper.framework; explicitFileType = undefined; includeInIndex = 0; };
		E84500801E154F5A95E06C60 /* CDVLocation.m */ = {isa = PBXFileReference; name = "CDVLocation.m"; path = "cordova-plugin-geolocation/CDVLocation.m"; sourceTree = "<group>"; fileEncoding = 4; lastKnownFileType = sourcecode.c.objc; explicitFileType = undefined; includeInIndex = 0; };
		E356A88FCADB4C51A7EBC981 /* CDVLocation.h */ = {isa = PBXFileReference; name = "CDVLocation.h"; path = "cordova-plugin-geolocation/CDVLocation.h"; sourceTree = "<group>"; fileEncoding = 4; lastKnownFileType = sourcecode.c.h; explicitFileType = undefined; includeInIndex = 0; };
		44FF6F6EAA2B41688BB1BD50 /* CDVAccelerometer.m */ = {isa = PBXFileReference; name = "CDVAccelerometer.m"; path = "cordova-plugin-device-motion/CDVAccelerometer.m"; sourceTree = "<group>"; fileEncoding = 4; lastKnownFileType = sourcecode.c.objc; explicitFileType = undefined; includeInIndex = 0; };
		A284B60B3C6C48C1A3FBBCF2 /* CDVAccelerometer.h */ = {isa = PBXFileReference; name = "CDVAccelerometer.h"; path = "cordova-plugin-device-motion/CDVAccelerometer.h"; sourceTree = "<group>"; fileEncoding = 4; lastKnownFileType = sourcecode.c.h; explicitFileType = undefined; includeInIndex = 0; };
		6A45917480514AEBB36A7D6F /* CoreMotion.framework */ = {isa = PBXFileReference; name = "CoreMotion.framework"; path = "System/Library/Frameworks/CoreMotion.framework"; sourceTree = SDKROOT; fileEncoding = undefined; lastKnownFileType = wrapper.framework; explicitFileType = undefined; includeInIndex = 0; };
		A3540081B43343A1A9652E8A /* CDVCompass.m */ = {isa = PBXFileReference; name = "CDVCompass.m"; path = "cordova-plugin-device-orientation/CDVCompass.m"; sourceTree = "<group>"; fileEncoding = 4; lastKnownFileType = sourcecode.c.objc; explicitFileType = undefined; includeInIndex = 0; };
		F4F7EC9F7ACF4F23AD0BE78A /* CDVCompass.h */ = {isa = PBXFileReference; name = "CDVCompass.h"; path = "cordova-plugin-device-orientation/CDVCompass.h"; sourceTree = "<group>"; fileEncoding = 4; lastKnownFileType = sourcecode.c.h; explicitFileType = undefined; includeInIndex = 0; };
		DB062C4E98C54B368AD19C9D /* CDVSound.m */ = {isa = PBXFileReference; name = "CDVSound.m"; path = "cordova-plugin-media/CDVSound.m"; sourceTree = "<group>"; fileEncoding = 4; lastKnownFileType = sourcecode.c.objc; explicitFileType = undefined; includeInIndex = 0; };
		7A5EE022840540CCADEBD573 /* CDVSound.h */ = {isa = PBXFileReference; name = "CDVSound.h"; path = "cordova-plugin-media/CDVSound.h"; sourceTree = "<group>"; fileEncoding = 4; lastKnownFileType = sourcecode.c.h; explicitFileType = undefined; includeInIndex = 0; };
		86F0C6C395C842119CCD7FA4 /* CDVVibration.m */ = {isa = PBXFileReference; name = "CDVVibration.m"; path = "cordova-plugin-vibration/CDVVibration.m"; sourceTree = "<group>"; fileEncoding = 4; lastKnownFileType = sourcecode.c.objc; explicitFileType = undefined; includeInIndex = 0; };
		8389FA18F6514961BB118988 /* CDVVibration.h */ = {isa = PBXFileReference; name = "CDVVibration.h"; path = "cordova-plugin-vibration/CDVVibration.h"; sourceTree = "<group>"; fileEncoding = 4; lastKnownFileType = sourcecode.c.h; explicitFileType = undefined; includeInIndex = 0; };
		4859BCCAD894427080D09107 /* CDVStatusBar.m */ = {isa = PBXFileReference; name = "CDVStatusBar.m"; path = "cordova-plugin-statusbar/CDVStatusBar.m"; sourceTree = "<group>"; fileEncoding = 4; lastKnownFileType = sourcecode.c.objc; explicitFileType = undefined; includeInIndex = 0; };
		A0115173C4A74C4DBE9CFE7E /* CDVStatusBar.h */ = {isa = PBXFileReference; name = "CDVStatusBar.h"; path = "cordova-plugin-statusbar/CDVStatusBar.h"; sourceTree = "<group>"; fileEncoding = 4; lastKnownFileType = sourcecode.c.h; explicitFileType = undefined; includeInIndex = 0; };
		7C3B9CF01D0841BFAC5AC370 /* CDVFileTransfer.m */ = {isa = PBXFileReference; name = "CDVFileTransfer.m"; path = "cordova-plugin-file-transfer/CDVFileTransfer.m"; sourceTree = "<group>"; fileEncoding = 4; lastKnownFileType = sourcecode.c.objc; explicitFileType = undefined; includeInIndex = 0; };
		C995B8C3D22847D38359A99F /* CDVFileTransfer.h */ = {isa = PBXFileReference; name = "CDVFileTransfer.h"; path = "cordova-plugin-file-transfer/CDVFileTransfer.h"; sourceTree = "<group>"; fileEncoding = 4; lastKnownFileType = sourcecode.c.h; explicitFileType = undefined; includeInIndex = 0; };
		F6E94EE3F5B54972924F3A31 /* CDVGlobalization.m */ = {isa = PBXFileReference; name = "CDVGlobalization.m"; path = "cordova-plugin-globalization/CDVGlobalization.m"; sourceTree = "<group>"; fileEncoding = 4; lastKnownFileType = sourcecode.c.objc; explicitFileType = undefined; includeInIndex = 0; };
		715C6721F9AD4DB7A4812B6D /* CDVGlobalization.h */ = {isa = PBXFileReference; name = "CDVGlobalization.h"; path = "cordova-plugin-globalization/CDVGlobalization.h"; sourceTree = "<group>"; fileEncoding = 4; lastKnownFileType = sourcecode.c.h; explicitFileType = undefined; includeInIndex = 0; };
		5ACE072D236645B5A587919D /* CDVConnection.m */ = {isa = PBXFileReference; name = "CDVConnection.m"; path = "cordova-plugin-network-information/CDVConnection.m"; sourceTree = "<group>"; fileEncoding = 4; lastKnownFileType = sourcecode.c.objc; explicitFileType = undefined; includeInIndex = 0; };
		B4C4788B6DE94F7C86A1F198 /* CDVReachability.m */ = {isa = PBXFileReference; name = "CDVReachability.m"; path = "cordova-plugin-network-information/CDVReachability.m"; sourceTree = "<group>"; fileEncoding = 4; lastKnownFileType = sourcecode.c.objc; explicitFileType = undefined; includeInIndex = 0; };
		7267A3CCDEC8437880F331BD /* CDVConnection.h */ = {isa = PBXFileReference; name = "CDVConnection.h"; path = "cordova-plugin-network-information/CDVConnection.h"; sourceTree = "<group>"; fileEncoding = 4; lastKnownFileType = sourcecode.c.h; explicitFileType = undefined; includeInIndex = 0; };
		101EC2DE359E4947B7386C78 /* CDVReachability.h */ = {isa = PBXFileReference; name = "CDVReachability.h"; path = "cordova-plugin-network-information/CDVReachability.h"; sourceTree = "<group>"; fileEncoding = 4; lastKnownFileType = sourcecode.c.h; explicitFileType = undefined; includeInIndex = 0; };
		253651658DB740DDAF31B572 /* SystemConfiguration.framework */ = {isa = PBXFileReference; name = "SystemConfiguration.framework"; path = "System/Library/Frameworks/SystemConfiguration.framework"; sourceTree = SDKROOT; fileEncoding = undefined; lastKnownFileType = wrapper.framework; explicitFileType = undefined; includeInIndex = 0; };
		E9054D793B594ED1A21E261E /* CoreTelephony.framework */ = {isa = PBXFileReference; name = "CoreTelephony.framework"; path = "System/Library/Frameworks/CoreTelephony.framework"; sourceTree = SDKROOT; fileEncoding = undefined; lastKnownFileType = wrapper.framework; explicitFileType = undefined; includeInIndex = 0; };
		49BDB5A67E7D4747BC2616AB /* CDVSplashScreen.m */ = {isa = PBXFileReference; name = "CDVSplashScreen.m"; path = "cordova-plugin-splashscreen/CDVSplashScreen.m"; sourceTree = "<group>"; fileEncoding = 4; lastKnownFileType = sourcecode.c.objc; explicitFileType = undefined; includeInIndex = 0; };
		C3A351D0D4354453A0EFF456 /* CDVViewController+SplashScreen.m */ = {isa = PBXFileReference; name = "CDVViewController+SplashScreen.m"; path = "cordova-plugin-splashscreen/CDVViewController+SplashScreen.m"; sourceTree = "<group>"; fileEncoding = 4; lastKnownFileType = sourcecode.c.objc; explicitFileType = undefined; includeInIndex = 0; };
		E5CC7307E71C473DB4D4DAF5 /* CDVSplashScreen.h */ = {isa = PBXFileReference; name = "CDVSplashScreen.h"; path = "cordova-plugin-splashscreen/CDVSplashScreen.h"; sourceTree = "<group>"; fileEncoding = 4; lastKnownFileType = sourcecode.c.h; explicitFileType = undefined; includeInIndex = 0; };
		7065C31328DE407A9608BDAA /* CDVViewController+SplashScreen.h */ = {isa = PBXFileReference; name = "CDVViewController+SplashScreen.h"; path = "cordova-plugin-splashscreen/CDVViewController+SplashScreen.h"; sourceTree = "<group>"; fileEncoding = 4; lastKnownFileType = sourcecode.c.h; explicitFileType = undefined; includeInIndex = 0; };
/* End PBXFileReference section */

/* Begin PBXFrameworksBuildPhase section */
		1D60588F0D05DD3D006BFB54 /* Frameworks */ = {
			isa = PBXFrameworksBuildPhase;
			buildActionMask = 2147483647;
			files = (
				301BF552109A68D80062928A /* libCordova.a in Frameworks */,
				DDDF121309E24D0392FC5096 /* ImageIO.framework in Frameworks */,
				6D6C4BF4E0C74E61B56A0547 /* CoreLocation.framework in Frameworks */,
				603D3B9DE1F943CDA2B907AC /* AVFoundation.framework in Frameworks */,
				9B23FF7E6E87499E8B5330FC /* AddressBook.framework in Frameworks */,
				4B33C3E6205E49A68788FA9D /* AddressBookUI.framework in Frameworks */,
				8CB151BB09CE4002ABF05205 /* AudioToolbox.framework in Frameworks */,
				6D7C2D1CC9A34DB48133131F /* CoreMotion.framework in Frameworks */,
				899CCD0700154427847C9103 /* SystemConfiguration.framework in Frameworks */,
				9B5F8838C6314807880B21CC /* CoreTelephony.framework in Frameworks */,
			);
			runOnlyForDeploymentPostprocessing = 0;
		};
/* End PBXFrameworksBuildPhase section */

/* Begin PBXGroup section */
		080E96DDFE201D6D7F000001 /* Classes */ = {
			isa = PBXGroup;
			children = (
				302D95EE14D2391D003F00A1 /* MainViewController.h */,
				302D95EF14D2391D003F00A1 /* MainViewController.m */,
				302D95F014D2391D003F00A1 /* MainViewController.xib */,
				1D3623240D0F684500981E51 /* AppDelegate.h */,
				1D3623250D0F684500981E51 /* AppDelegate.m */,
			);
			name = Classes;
			path = "Icebreakers/Classes";
			sourceTree = SOURCE_ROOT;
		};
		19C28FACFE9D520D11CA2CBB /* Products */ = {
			isa = PBXGroup;
			children = (
				1D6058910D05DD3D006BFB54 /* Icebreakers.app */,
			);
			name = Products;
			sourceTree = "<group>";
		};
		29B97314FDCFA39411CA2CEA /* CustomTemplate */ = {
			isa = PBXGroup;
			children = (
				EB87FDF41871DAF40020F90C /* config.xml */,
				EB87FDF31871DA8E0020F90C /* www */,
				EB87FDF11871DA420020F90C /* Staging */,
				301BF52D109A57CC0062928A /* CordovaLib.xcodeproj */,
				080E96DDFE201D6D7F000001 /* Classes */,
				307C750510C5A3420062BCA9 /* Plugins */,
				29B97315FDCFA39411CA2CEA /* Other Sources */,
				29B97317FDCFA39411CA2CEA /* Resources */,
				29B97323FDCFA39411CA2CEA /* Frameworks */,
				19C28FACFE9D520D11CA2CBB /* Products */,
			);
			name = CustomTemplate;
			sourceTree = "<group>";
		};
		29B97315FDCFA39411CA2CEA /* Other Sources */ = {
			isa = PBXGroup;
			children = (
				32CA4F630368D1EE00C91783 /* Icebreakers-Prefix.pch */,
				29B97316FDCFA39411CA2CEA /* main.m */,
				ED33DF2A687741AEAF9F8254 /* Bridging-Header.h */,
			);
			name = "Other Sources";
			path = "Icebreakers";
			sourceTree = "<group>";
		};
		29B97317FDCFA39411CA2CEA /* Resources */ = {
			isa = PBXGroup;
			children = (
				0207DA571B56EA530066E2B4 /* Images.xcassets */,
				3047A50E1AB8057F00498E2A /* config */,
				8D1107310486CEB800E47090 /* Icebreakers-Info.plist */,
				3A5417835CEA4829B179062E /* CDVCapture.bundle */,
				9CB180A25A5F4542A9F0AF56 /* CDVNotification.bundle */,
			);
			name = Resources;
			path = "Icebreakers/Resources";
			sourceTree = "<group>";
		};
		29B97323FDCFA39411CA2CEA /* Frameworks */ = {
			isa = PBXGroup;
			children = (
				3571EFFE2A0A4B1BA7DB0D7A /* ImageIO.framework */,
				60890B8E3A8A474F915C90D8 /* CoreLocation.framework */,
				1F4D8FEBED9D499AA9129999 /* AVFoundation.framework */,
				336EB35ECAD5453481FDCB46 /* AddressBook.framework */,
				ED499B3EA9B84AABA507708D /* AddressBookUI.framework */,
				4B2BE504D633459C8384D66E /* AudioToolbox.framework */,
				6A45917480514AEBB36A7D6F /* CoreMotion.framework */,
				253651658DB740DDAF31B572 /* SystemConfiguration.framework */,
				E9054D793B594ED1A21E261E /* CoreTelephony.framework */,
			);
			name = Frameworks;
			sourceTree = "<group>";
		};
		301BF52E109A57CC0062928A /* Products */ = {
			isa = PBXGroup;
			children = (
				301BF535109A57CC0062928A /* libCordova.a */,
			);
			name = Products;
			sourceTree = "<group>";
		};
		3047A50E1AB8057F00498E2A /* config */ = {
			isa = PBXGroup;
			children = (
				3047A50F1AB8059700498E2A /* build-debug.xcconfig */,
				3047A5101AB8059700498E2A /* build-release.xcconfig */,
				3047A5111AB8059700498E2A /* build.xcconfig */,
			);
			name = config;
			sourceTree = "<group>";
		};
		307C750510C5A3420062BCA9 /* Plugins */ = {
			isa = PBXGroup;
			children = (
				B6FB0502F62446F888A90C54 /* CDVDevice.m */,
				7D5C9EB715F546F7A662E0D2 /* CDVDevice.h */,
				B1A444E386FF44D29BD46314 /* CDVFile.m */,
				4DAD23C8B2384240A88B5F61 /* CDVLocalFilesystem.m */,
				EA6B0B79E4564DB9AA53086C /* CDVAssetLibraryFilesystem.m */,
				40CFA36B502F42CBB2254ED1 /* CDVFile.h */,
				A7B9A1682AEC4A438E006939 /* CDVLocalFilesystem.h */,
				17E867DFD62A4C43AC8F6427 /* CDVAssetLibraryFilesystem.h */,
				3C49BD909FDF4B2FA8C4FB97 /* CDVInAppBrowser.m */,
				242A45A56B2A46808F5071AA /* CDVInAppBrowser.h */,
				DE8C164D01F64054A533722C /* UIImage+CropScaleOrientation.m */,
				C8071FF40FF54966BFB5EA4C /* CDVCamera.m */,
				E21299EC6B8946C59E7E70BC /* CDVJpegHeaderWriter.m */,
				D25B92AC98E847F2894A5B46 /* UIImage+CropScaleOrientation.h */,
				89D11FB4E7144AF6AD5C6AD1 /* CDVCamera.h */,
				B8F44EAAB44543BB9D8393AC /* CDVJpegHeaderWriter.h */,
				12BF2BDD015E4861BF5A6E5A /* CDVExif.h */,
				43BA3ABDC08147D3927940DB /* CDVBattery.m */,
				F70C64DC6B0B4141838CE9E6 /* CDVBattery.h */,
				661F13BB78B14AFCA742D5EF /* CDVCapture.m */,
				53B965D895D2413EAF0B04E5 /* CDVCapture.h */,
				A6DED55224A4434F8E94C708 /* CDVLogger.m */,
				371E5B15ADF14F0C9F292E3C /* CDVLogger.h */,
				8A772A3C88C14A7BA680E659 /* CDVContacts.m */,
				8BD60236EBA5414884861B93 /* CDVContact.m */,
				3E632F70BEAC495F884C1B13 /* CDVContacts.h */,
				A8BF4A66C14A4905AF355CDC /* CDVContact.h */,
				3652F42986C648AC911A1B66 /* CDVNotification.m */,
				6D0E77450EB440D9BF7D5F73 /* CDVNotification.h */,
				E84500801E154F5A95E06C60 /* CDVLocation.m */,
				E356A88FCADB4C51A7EBC981 /* CDVLocation.h */,
				44FF6F6EAA2B41688BB1BD50 /* CDVAccelerometer.m */,
				A284B60B3C6C48C1A3FBBCF2 /* CDVAccelerometer.h */,
				A3540081B43343A1A9652E8A /* CDVCompass.m */,
				F4F7EC9F7ACF4F23AD0BE78A /* CDVCompass.h */,
				DB062C4E98C54B368AD19C9D /* CDVSound.m */,
				7A5EE022840540CCADEBD573 /* CDVSound.h */,
				86F0C6C395C842119CCD7FA4 /* CDVVibration.m */,
				8389FA18F6514961BB118988 /* CDVVibration.h */,
				4859BCCAD894427080D09107 /* CDVStatusBar.m */,
				A0115173C4A74C4DBE9CFE7E /* CDVStatusBar.h */,
				7C3B9CF01D0841BFAC5AC370 /* CDVFileTransfer.m */,
				C995B8C3D22847D38359A99F /* CDVFileTransfer.h */,
				F6E94EE3F5B54972924F3A31 /* CDVGlobalization.m */,
				715C6721F9AD4DB7A4812B6D /* CDVGlobalization.h */,
				5ACE072D236645B5A587919D /* CDVConnection.m */,
				B4C4788B6DE94F7C86A1F198 /* CDVReachability.m */,
				7267A3CCDEC8437880F331BD /* CDVConnection.h */,
				101EC2DE359E4947B7386C78 /* CDVReachability.h */,
				49BDB5A67E7D4747BC2616AB /* CDVSplashScreen.m */,
				C3A351D0D4354453A0EFF456 /* CDVViewController+SplashScreen.m */,
				E5CC7307E71C473DB4D4DAF5 /* CDVSplashScreen.h */,
				7065C31328DE407A9608BDAA /* CDVViewController+SplashScreen.h */,
			);
			name = Plugins;
			path = "Icebreakers/Plugins";
			sourceTree = SOURCE_ROOT;
		};
		EB87FDF11871DA420020F90C /* Staging */ = {
			isa = PBXGroup;
			children = (
				F840E1F0165FE0F500CFE078 /* config.xml */,
				301BF56E109A69640062928A /* www */,
			);
			name = Staging;
			sourceTree = "<group>";
		};
/* End PBXGroup section */

/* Begin PBXNativeTarget section */
		1D6058900D05DD3D006BFB54 /* Icebreakers */ = {
			isa = PBXNativeTarget;
			buildConfigurationList = 1D6058960D05DD3E006BFB54 /* Build configuration list for PBXNativeTarget "Icebreakers" */;
			buildPhases = (
				304B58A110DAC018002A0835 /* Copy www directory */,
				1D60588D0D05DD3D006BFB54 /* Resources */,
				1D60588E0D05DD3D006BFB54 /* Sources */,
				1D60588F0D05DD3D006BFB54 /* Frameworks */,
			);
			buildRules = (
			);
			dependencies = (
				301BF551109A68C00062928A /* PBXTargetDependency */,
			);
			name = "Icebreakers";
			productName = "Icebreakers";
			productReference = 1D6058910D05DD3D006BFB54 /* Icebreakers.app */;
			productType = "com.apple.product-type.application";
		};
/* End PBXNativeTarget section */

/* Begin PBXProject section */
		29B97313FDCFA39411CA2CEA /* Project object */ = {
			isa = PBXProject;
			attributes = {
				LastUpgradeCheck = 510;
			};
			buildConfigurationList = C01FCF4E08A954540054247B /* Build configuration list for PBXProject "__NON-CLI__" */;
			compatibilityVersion = "Xcode 3.2";
			developmentRegion = English;
			hasScannedForEncodings = 1;
			mainGroup = 29B97314FDCFA39411CA2CEA /* CustomTemplate */;
			projectDirPath = "";
			projectReferences = (
				{
					ProductGroup = 301BF52E109A57CC0062928A /* Products */;
					ProjectRef = 301BF52D109A57CC0062928A /* CordovaLib.xcodeproj */;
				},
			);
			projectRoot = "";
			targets = (
				1D6058900D05DD3D006BFB54 /* Icebreakers */,
			);
		};
/* End PBXProject section */

/* Begin PBXReferenceProxy section */
		301BF535109A57CC0062928A /* libCordova.a */ = {
			isa = PBXReferenceProxy;
			fileType = archive.ar;
			path = libCordova.a;
			remoteRef = 301BF534109A57CC0062928A /* PBXContainerItemProxy */;
			sourceTree = BUILT_PRODUCTS_DIR;
		};
/* End PBXReferenceProxy section */

/* Begin PBXResourcesBuildPhase section */
		1D60588D0D05DD3D006BFB54 /* Resources */ = {
			isa = PBXResourcesBuildPhase;
			buildActionMask = 2147483647;
			files = (
				302D95F214D2391D003F00A1 /* MainViewController.xib in Resources */,
				3047A5131AB8059700498E2A /* build-release.xcconfig in Resources */,
				3047A5141AB8059700498E2A /* build.xcconfig in Resources */,
				0207DA581B56EA530066E2B4 /* Images.xcassets in Resources */,
				3047A5121AB8059700498E2A /* build-debug.xcconfig in Resources */,
				AA87D56B4B1C465598A19461 /* CDVCapture.bundle in Resources */,
				A650C35D805E4462A43FC988 /* CDVNotification.bundle in Resources */,
			);
			runOnlyForDeploymentPostprocessing = 0;
		};
/* End PBXResourcesBuildPhase section */

/* Begin PBXShellScriptBuildPhase section */
		304B58A110DAC018002A0835 /* Copy www directory */ = {
			isa = PBXShellScriptBuildPhase;
			buildActionMask = 2147483647;
			files = (
			);
			inputPaths = (
			);
			name = "Copy www directory";
			outputPaths = (
			);
			runOnlyForDeploymentPostprocessing = 0;
			shellPath = /bin/sh;
			shellScript = "NODEJS_PATH=/usr/local/bin; NVM_NODE_PATH=~/.nvm/versions/node/`nvm version 2>/dev/null`/bin; N_NODE_PATH=`find /usr/local/n/versions/node/* -maxdepth 0 -type d 2>/dev/null | tail -1`/bin; XCODE_NODE_PATH=`xcode-select --print-path`/usr/share/xcs/Node/bin; PATH=$NODEJS_PATH:$NVM_NODE_PATH:$N_NODE_PATH:$XCODE_NODE_PATH:$PATH && node cordova/lib/copy-www-build-step.js";
			showEnvVarsInLog = 0;
		};
/* End PBXShellScriptBuildPhase section */

/* Begin PBXSourcesBuildPhase section */
		1D60588E0D05DD3D006BFB54 /* Sources */ = {
			isa = PBXSourcesBuildPhase;
			buildActionMask = 2147483647;
			files = (
				1D60589B0D05DD56006BFB54 /* main.m in Sources */,
				1D3623260D0F684500981E51 /* AppDelegate.m in Sources */,
				302D95F114D2391D003F00A1 /* MainViewController.m in Sources */,
				CE5B70F051984855B630BAEE /* CDVDevice.m in Sources */,
				7529CAEE67444C8B9235BA1D /* CDVFile.m in Sources */,
				D699E0F4180C49A68E186787 /* CDVLocalFilesystem.m in Sources */,
				4941318408F04381B8052233 /* CDVAssetLibraryFilesystem.m in Sources */,
				31618278F55643A08BFA20D8 /* CDVInAppBrowser.m in Sources */,
				5BB7D3D53CF14CD5B9860AB5 /* UIImage+CropScaleOrientation.m in Sources */,
				A9D7151A38354DC08E0348F7 /* CDVCamera.m in Sources */,
				F8F7757C7FD947E68C4B8D13 /* CDVJpegHeaderWriter.m in Sources */,
				3CAF7A21602B42B18C32859A /* CDVBattery.m in Sources */,
				AE6B03D6DBCD4EFD8EAB2B83 /* CDVCapture.m in Sources */,
				24A3F749703A41F580CD587C /* CDVLogger.m in Sources */,
				591FE98442FF42E59159E601 /* CDVContacts.m in Sources */,
				0B99C4C3F5BA4A4381B50733 /* CDVContact.m in Sources */,
				DD7A86DBBA284169818B51C7 /* CDVNotification.m in Sources */,
				84250DE47DF447ED83AB76EE /* CDVLocation.m in Sources */,
				0D1A16804E4C419F8D766AAB /* CDVAccelerometer.m in Sources */,
				C5A0981E8D7C43FCA0235420 /* CDVCompass.m in Sources */,
				4A461347E84F427CBC2AADA1 /* CDVSound.m in Sources */,
				BCDC9FA53C8B4D69A89C89D5 /* CDVVibration.m in Sources */,
				C03FC3C12E5243E4B8646E5F /* CDVStatusBar.m in Sources */,
				A1E4BCFB82D746A6A080C901 /* CDVFileTransfer.m in Sources */,
				7F0A861D06CF4C8D84796876 /* CDVGlobalization.m in Sources */,
				76313555C2DE491CAE3ABB8E /* CDVConnection.m in Sources */,
				D59DC99771C641DA9CB5A110 /* CDVReachability.m in Sources */,
				FF1C9A766E0046CA8E745A86 /* CDVSplashScreen.m in Sources */,
				72DFA1BFFA014737BB8FACEC /* CDVViewController+SplashScreen.m in Sources */,
			);
			runOnlyForDeploymentPostprocessing = 0;
		};
/* End PBXSourcesBuildPhase section */

/* Begin PBXTargetDependency section */
		301BF551109A68C00062928A /* PBXTargetDependency */ = {
			isa = PBXTargetDependency;
			name = CordovaLib;
			targetProxy = 301BF550109A68C00062928A /* PBXContainerItemProxy */;
		};
/* End PBXTargetDependency section */

/* Begin XCBuildConfiguration section */
		1D6058940D05DD3E006BFB54 /* Debug */ = {
			isa = XCBuildConfiguration;
			baseConfigurationReference = 3047A50F1AB8059700498E2A /* build-debug.xcconfig */;
			buildSettings = {
				ALWAYS_SEARCH_USER_PATHS = NO;
				ASSETCATALOG_COMPILER_APPICON_NAME = AppIcon;
				ASSETCATALOG_COMPILER_LAUNCHIMAGE_NAME = LaunchImage;
				CLANG_ENABLE_MODULES = YES;
				CLANG_ENABLE_OBJC_ARC = YES;
				COPY_PHASE_STRIP = NO;
				GCC_DYNAMIC_NO_PIC = NO;
				GCC_OPTIMIZATION_LEVEL = 0;
				GCC_PRECOMPILE_PREFIX_HEADER = YES;
				GCC_PREFIX_HEADER = "Icebreakers/Icebreakers-Prefix.pch";
				GCC_THUMB_SUPPORT = NO;
				GCC_VERSION = "";
				INFOPLIST_FILE = "Icebreakers/Icebreakers-Info.plist";
				LD_RUNPATH_SEARCH_PATHS = "@executable_path/Frameworks";
				PRODUCT_NAME = "Icebreakers";
			};
			name = Debug;
		};
		1D6058950D05DD3E006BFB54 /* Release */ = {
			isa = XCBuildConfiguration;
			baseConfigurationReference = 3047A5101AB8059700498E2A /* build-release.xcconfig */;
			buildSettings = {
				ALWAYS_SEARCH_USER_PATHS = NO;
				ASSETCATALOG_COMPILER_APPICON_NAME = AppIcon;
				ASSETCATALOG_COMPILER_LAUNCHIMAGE_NAME = LaunchImage;
				CLANG_ENABLE_MODULES = YES;
				CLANG_ENABLE_OBJC_ARC = YES;
				COPY_PHASE_STRIP = YES;
				GCC_PRECOMPILE_PREFIX_HEADER = YES;
				GCC_PREFIX_HEADER = "Icebreakers/Icebreakers-Prefix.pch";
				GCC_THUMB_SUPPORT = NO;
				GCC_VERSION = "";
				INFOPLIST_FILE = "Icebreakers/Icebreakers-Info.plist";
				PRODUCT_NAME = "Icebreakers";
			};
			name = Release;
		};
		C01FCF4F08A954540054247B /* Debug */ = {
			isa = XCBuildConfiguration;
			baseConfigurationReference = 3047A5111AB8059700498E2A /* build.xcconfig */;
			buildSettings = {
				CLANG_ENABLE_MODULES = YES;
				CLANG_ENABLE_OBJC_ARC = YES;
				CLANG_WARN_BOOL_CONVERSION = YES;
				CLANG_WARN_CONSTANT_CONVERSION = YES;
				CLANG_WARN_EMPTY_BODY = YES;
				CLANG_WARN_ENUM_CONVERSION = YES;
				CLANG_WARN_INT_CONVERSION = YES;
				CLANG_WARN__DUPLICATE_METHOD_MATCH = YES;
				GCC_C_LANGUAGE_STANDARD = c99;
				GCC_THUMB_SUPPORT = NO;
				GCC_VERSION = "";
				GCC_WARN_ABOUT_RETURN_TYPE = YES;
				GCC_WARN_UNDECLARED_SELECTOR = YES;
				GCC_WARN_UNINITIALIZED_AUTOS = YES;
				GCC_WARN_UNUSED_FUNCTION = YES;
				GCC_WARN_UNUSED_VARIABLE = YES;
				ONLY_ACTIVE_ARCH = YES;
				SDKROOT = iphoneos;
				SKIP_INSTALL = NO;
				PRODUCT_NAME = "Icebreakers";
			};
			name = Debug;
		};
		C01FCF5008A954540054247B /* Release */ = {
			isa = XCBuildConfiguration;
			baseConfigurationReference = 3047A5111AB8059700498E2A /* build.xcconfig */;
			buildSettings = {
				CLANG_ENABLE_MODULES = YES;
				CLANG_ENABLE_OBJC_ARC = YES;
				CLANG_WARN_BOOL_CONVERSION = YES;
				CLANG_WARN_CONSTANT_CONVERSION = YES;
				CLANG_WARN_EMPTY_BODY = YES;
				CLANG_WARN_ENUM_CONVERSION = YES;
				CLANG_WARN_INT_CONVERSION = YES;
				CLANG_WARN__DUPLICATE_METHOD_MATCH = YES;
				GCC_C_LANGUAGE_STANDARD = c99;
				GCC_THUMB_SUPPORT = NO;
				GCC_VERSION = "";
				GCC_WARN_ABOUT_RETURN_TYPE = YES;
				GCC_WARN_UNDECLARED_SELECTOR = YES;
				GCC_WARN_UNINITIALIZED_AUTOS = YES;
				GCC_WARN_UNUSED_FUNCTION = YES;
				GCC_WARN_UNUSED_VARIABLE = YES;
				SDKROOT = iphoneos;
				SKIP_INSTALL = NO;
				PRODUCT_NAME = "Icebreakers";
			};
			name = Release;
		};
/* End XCBuildConfiguration section */

/* Begin XCConfigurationList section */
		1D6058960D05DD3E006BFB54 /* Build configuration list for PBXNativeTarget "Icebreakers" */ = {
			isa = XCConfigurationList;
			buildConfigurations = (
				1D6058940D05DD3E006BFB54 /* Debug */,
				1D6058950D05DD3E006BFB54 /* Release */,
			);
			defaultConfigurationIsVisible = 0;
			defaultConfigurationName = Release;
		};
		C01FCF4E08A954540054247B /* Build configuration list for PBXProject "__NON-CLI__" */ = {
			isa = XCConfigurationList;
			buildConfigurations = (
				C01FCF4F08A954540054247B /* Debug */,
				C01FCF5008A954540054247B /* Release */,
			);
			defaultConfigurationIsVisible = 0;
			defaultConfigurationName = Release;
		};
/* End XCConfigurationList section */
	};
	rootObject = 29B97313FDCFA39411CA2CEA /* Project object */;
}
